
Microsoft Visual Studio Solution File, Format Version 12.00
# Visual Studio Version 16
VisualStudioVersion = 16.0.30711.63
MinimumVisualStudioVersion = 10.0.40219.1
Project("{9A19103F-16F7-4668-BE54-9A1E7A4F7556}") = "Send", "Send.csproj", "{DFDF05F3-E2F8-4742-A505-F93D6475C3C1}"
EndProject
Global
	GlobalSection(SolutionConfigurationPlatforms) = preSolution
		Debug|Any CPU = Debug|Any CPU
		Release|Any CPU = Release|Any CPU
	EndGlobalSection
	GlobalSection(ProjectConfigurationPlatforms) = postSolution
		{DFDF05F3-E2F8-4742-A505-F93D6475C3C1}.Debug|Any CPU.ActiveCfg = Debug|Any CPU
		{DFDF05F3-E2F8-4742-A505-F93D6475C3C1}.Debug|Any CPU.Build.0 = Debug|Any CPU
		{DFDF05F3-E2F8-4742-A505-F93D6475C3C1}.Release|Any CPU.ActiveCfg = Release|Any CPU
		{DFDF05F3-E2F8-4742-A505-F93D6475C3C1}.Release|Any CPU.Build.0 = Release|Any CPU
	EndGlobalSection
	GlobalSection(SolutionProperties) = preSolution
		HideSolutionNode = FALSE
	EndGlobalSection
	GlobalSection(ExtensibilityGlobals) = postSolution
		SolutionGuid = {2AD8796B-9511-4B6A-99A7-50110C498651}
	EndGlobalSection
EndGlobal
